
Microsoft Visual Studio Solution File, Format Version 12.00
# Visual Studio Version 17
VisualStudioVersion = 17.0.31903.59
MinimumVisualStudioVersion = 10.0.40219.1
Project("{2150E333-8FDC-42A3-9474-1A3956D46DE8}") = "src", "src", "{827E0CD3-B72D-47B6-A68D-7590B98EB39B}"
EndProject
Project("{FAE04EC0-301F-11D3-BF4B-00C04F79EFBC}") = "PlaceRouter.Core", "src\PlaceRouter.Core\PlaceRouter.Core.csproj", "{93959E82-0DDE-4AB0-A3D1-1467108FB37E}"
EndProject
Project("{FAE04EC0-301F-11D3-BF4B-00C04F79EFBC}") = "PlaceRouter.Domain", "src\PlaceRouter.Domain\PlaceRouter.Domain.csproj", "{3612DEF7-3BB4-460E-B68E-B9BDB7CA1909}"
EndProject
Project("{FAE04EC0-301F-11D3-BF4B-00C04F79EFBC}") = "PlaceRouter.Application", "src\PlaceRouter.Application\PlaceRouter.Application.csproj", "{906FD672-F9E1-4419-98EE-CEC467ED8428}"
EndProject
Project("{FAE04EC0-301F-11D3-BF4B-00C04F79EFBC}") = "PlaceRouter.Infrastructure", "src\PlaceRouter.Infrastructure\PlaceRouter.Infrastructure.csproj", "{F13A228B-D412-4010-B988-2041D33C8918}"
EndProject
Project("{FAE04EC0-301F-11D3-BF4B-00C04F79EFBC}") = "PlaceRouter.DesignExchange", "src\PlaceRouter.DesignExchange\PlaceRouter.DesignExchange.csproj", "{7BAF4509-D45A-4F0C-9F91-B1CC9CAA25BB}"
EndProject
Project("{FAE04EC0-301F-11D3-BF4B-00C04F79EFBC}") = "PlaceRouter.Cli", "src\PlaceRouter.Cli\PlaceRouter.Cli.csproj", "{F18C0739-A142-454B-B92D-DFAEDBDA40C2}"
EndProject
Project("{FAE04EC0-301F-11D3-BF4B-00C04F79EFBC}") = "PlaceRouter.Core.Tests", "tests\PlaceRouter.Core.Tests\PlaceRouter.Core.Tests.csproj", "{22342960-0D81-4F1A-B4FF-7F9DA33A1C8A}"
EndProject
Project("{FAE04EC0-301F-11D3-BF4B-00C04F79EFBC}") = "PlaceRouter.Domain.Tests", "tests\PlaceRouter.Domain.Tests\PlaceRouter.Domain.Tests.csproj", "{169DC2B1-1259-43C8-8738-E793DDB9BD3A}"
EndProject
Project("{FAE04EC0-301F-11D3-BF4B-00C04F79EFBC}") = "PlaceRouter.DesignExchange.Tests", "tests\PlaceRouter.DesignExchange.Tests\PlaceRouter.DesignExchange.Tests.csproj", "{AC4AEB9E-3B4D-4E3D-AB05-2B541D63D545}"
EndProject
Project("{FAE04EC0-301F-11D3-BF4B-00C04F79EFBC}") = "PlaceRouter.Geometry", "src\PlaceRouter.Geometry\PlaceRouter.Geometry.csproj", "{00E05AA3-0698-437B-AA31-47712C07A769}"
EndProject
Project("{2150E333-8FDC-42A3-9474-1A3956D46DE8}") = "tests", "tests", "{0AB3BF05-4346-4AA6-1389-037BE0695223}"
EndProject
Project("{FAE04EC0-301F-11D3-BF4B-00C04F79EFBC}") = "PlaceRouter.Geometry.Tests", "tests\PlaceRouter.Geometry.Tests\PlaceRouter.Geometry.Tests.csproj", "{CA634E44-AA26-4063-A230-95A20F854973}"
EndProject
Global
	GlobalSection(SolutionConfigurationPlatforms) = preSolution
		Debug|Any CPU = Debug|Any CPU
		Debug|x64 = Debug|x64
		Debug|x86 = Debug|x86
		Release|Any CPU = Release|Any CPU
		Release|x64 = Release|x64
		Release|x86 = Release|x86
	EndGlobalSection
	GlobalSection(ProjectConfigurationPlatforms) = postSolution
		{93959E82-0DDE-4AB0-A3D1-1467108FB37E}.Debug|Any CPU.ActiveCfg = Debug|Any CPU
		{93959E82-0DDE-4AB0-A3D1-1467108FB37E}.Debug|Any CPU.Build.0 = Debug|Any CPU
		{93959E82-0DDE-4AB0-A3D1-1467108FB37E}.Debug|x64.ActiveCfg = Debug|Any CPU
		{93959E82-0DDE-4AB0-A3D1-1467108FB37E}.Debug|x64.Build.0 = Debug|Any CPU
		{93959E82-0DDE-4AB0-A3D1-1467108FB37E}.Debug|x86.ActiveCfg = Debug|Any CPU
		{93959E82-0DDE-4AB0-A3D1-1467108FB37E}.Debug|x86.Build.0 = Debug|Any CPU
		{93959E82-0DDE-4AB0-A3D1-1467108FB37E}.Release|Any CPU.ActiveCfg = Release|Any CPU
		{93959E82-0DDE-4AB0-A3D1-1467108FB37E}.Release|Any CPU.Build.0 = Release|Any CPU
		{93959E82-0DDE-4AB0-A3D1-1467108FB37E}.Release|x64.ActiveCfg = Release|Any CPU
		{93959E82-0DDE-4AB0-A3D1-1467108FB37E}.Release|x64.Build.0 = Release|Any CPU
		{93959E82-0DDE-4AB0-A3D1-1467108FB37E}.Release|x86.ActiveCfg = Release|Any CPU
		{93959E82-0DDE-4AB0-A3D1-1467108FB37E}.Release|x86.Build.0 = Release|Any CPU
		{3612DEF7-3BB4-460E-B68E-B9BDB7CA1909}.Debug|Any CPU.ActiveCfg = Debug|Any CPU
		{3612DEF7-3BB4-460E-B68E-B9BDB7CA1909}.Debug|Any CPU.Build.0 = Debug|Any CPU
		{3612DEF7-3BB4-460E-B68E-B9BDB7CA1909}.Debug|x64.ActiveCfg = Debug|Any CPU
		{3612DEF7-3BB4-460E-B68E-B9BDB7CA1909}.Debug|x64.Build.0 = Debug|Any CPU
		{3612DEF7-3BB4-460E-B68E-B9BDB7CA1909}.Debug|x86.ActiveCfg = Debug|Any CPU
		{3612DEF7-3BB4-460E-B68E-B9BDB7CA1909}.Debug|x86.Build.0 = Debug|Any CPU
		{3612DEF7-3BB4-460E-B68E-B9BDB7CA1909}.Release|Any CPU.ActiveCfg = Release|Any CPU
		{3612DEF7-3BB4-460E-B68E-B9BDB7CA1909}.Release|Any CPU.Build.0 = Release|Any CPU
		{3612DEF7-3BB4-460E-B68E-B9BDB7CA1909}.Release|x64.ActiveCfg = Release|Any CPU
		{3612DEF7-3BB4-460E-B68E-B9BDB7CA1909}.Release|x64.Build.0 = Release|Any CPU
		{3612DEF7-3BB4-460E-B68E-B9BDB7CA1909}.Release|x86.ActiveCfg = Release|Any CPU
		{3612DEF7-3BB4-460E-B68E-B9BDB7CA1909}.Release|x86.Build.0 = Release|Any CPU
		{906FD672-F9E1-4419-98EE-CEC467ED8428}.Debug|Any CPU.ActiveCfg = Debug|Any CPU
		{906FD672-F9E1-4419-98EE-CEC467ED8428}.Debug|Any CPU.Build.0 = Debug|Any CPU
		{906FD672-F9E1-4419-98EE-CEC467ED8428}.Debug|x64.ActiveCfg = Debug|Any CPU
		{906FD672-F9E1-4419-98EE-CEC467ED8428}.Debug|x64.Build.0 = Debug|Any CPU
		{906FD672-F9E1-4419-98EE-CEC467ED8428}.Debug|x86.ActiveCfg = Debug|Any CPU
		{906FD672-F9E1-4419-98EE-CEC467ED8428}.Debug|x86.Build.0 = Debug|Any CPU
		{906FD672-F9E1-4419-98EE-CEC467ED8428}.Release|Any CPU.ActiveCfg = Release|Any CPU
		{906FD672-F9E1-4419-98EE-CEC467ED8428}.Release|Any CPU.Build.0 = Release|Any CPU
		{906FD672-F9E1-4419-98EE-CEC467ED8428}.Release|x64.ActiveCfg = Release|Any CPU
		{906FD672-F9E1-4419-98EE-CEC467ED8428}.Release|x64.Build.0 = Release|Any CPU
		{906FD672-F9E1-4419-98EE-CEC467ED8428}.Release|x86.ActiveCfg = Release|Any CPU
		{906FD672-F9E1-4419-98EE-CEC467ED8428}.Release|x86.Build.0 = Release|Any CPU
		{F13A228B-D412-4010-B988-2041D33C8918}.Debug|Any CPU.ActiveCfg = Debug|Any CPU
		{F13A228B-D412-4010-B988-2041D33C8918}.Debug|Any CPU.Build.0 = Debug|Any CPU
		{F13A228B-D412-4010-B988-2041D33C8918}.Debug|x64.ActiveCfg = Debug|Any CPU
		{F13A228B-D412-4010-B988-2041D33C8918}.Debug|x64.Build.0 = Debug|Any CPU
		{F13A228B-D412-4010-B988-2041D33C8918}.Debug|x86.ActiveCfg = Debug|Any CPU
		{F13A228B-D412-4010-B988-2041D33C8918}.Debug|x86.Build.0 = Debug|Any CPU
		{F13A228B-D412-4010-B988-2041D33C8918}.Release|Any CPU.ActiveCfg = Release|Any CPU
		{F13A228B-D412-4010-B988-2041D33C8918}.Release|Any CPU.Build.0 = Release|Any CPU
		{F13A228B-D412-4010-B988-2041D33C8918}.Release|x64.ActiveCfg = Release|Any CPU
		{F13A228B-D412-4010-B988-2041D33C8918}.Release|x64.Build.0 = Release|Any CPU
		{F13A228B-D412-4010-B988-2041D33C8918}.Release|x86.ActiveCfg = Release|Any CPU
		{F13A228B-D412-4010-B988-2041D33C8918}.Release|x86.Build.0 = Release|Any CPU
		{7BAF4509-D45A-4F0C-9F91-B1CC9CAA25BB}.Debug|Any CPU.ActiveCfg = Debug|Any CPU
		{7BAF4509-D45A-4F0C-9F91-B1CC9CAA25BB}.Debug|Any CPU.Build.0 = Debug|Any CPU
		{7BAF4509-D45A-4F0C-9F91-B1CC9CAA25BB}.Debug|x64.ActiveCfg = Debug|Any CPU
		{7BAF4509-D45A-4F0C-9F91-B1CC9CAA25BB}.Debug|x64.Build.0 = Debug|Any CPU
		{7BAF4509-D45A-4F0C-9F91-B1CC9CAA25BB}.Debug|x86.ActiveCfg = Debug|Any CPU
		{7BAF4509-D45A-4F0C-9F91-B1CC9CAA25BB}.Debug|x86.Build.0 = Debug|Any CPU
		{7BAF4509-D45A-4F0C-9F91-B1CC9CAA25BB}.Release|Any CPU.ActiveCfg = Release|Any CPU
		{7BAF4509-D45A-4F0C-9F91-B1CC9CAA25BB}.Release|Any CPU.Build.0 = Release|Any CPU
		{7BAF4509-D45A-4F0C-9F91-B1CC9CAA25BB}.Release|x64.ActiveCfg = Release|Any CPU
		{7BAF4509-D45A-4F0C-9F91-B1CC9CAA25BB}.Release|x64.Build.0 = Release|Any CPU
		{7BAF4509-D45A-4F0C-9F91-B1CC9CAA25BB}.Release|x86.ActiveCfg = Release|Any CPU
		{7BAF4509-D45A-4F0C-9F91-B1CC9CAA25BB}.Release|x86.Build.0 = Release|Any CPU
		{F18C0739-A142-454B-B92D-DFAEDBDA40C2}.Debug|Any CPU.ActiveCfg = Debug|Any CPU
		{F18C0739-A142-454B-B92D-DFAEDBDA40C2}.Debug|Any CPU.Build.0 = Debug|Any CPU
		{F18C0739-A142-454B-B92D-DFAEDBDA40C2}.Debug|x64.ActiveCfg = Debug|Any CPU
		{F18C0739-A142-454B-B92D-DFAEDBDA40C2}.Debug|x64.Build.0 = Debug|Any CPU
		{F18C0739-A142-454B-B92D-DFAEDBDA40C2}.Debug|x86.ActiveCfg = Debug|Any CPU
		{F18C0739-A142-454B-B92D-DFAEDBDA40C2}.Debug|x86.Build.0 = Debug|Any CPU
		{F18C0739-A142-454B-B92D-DFAEDBDA40C2}.Release|Any CPU.ActiveCfg = Release|Any CPU
		{F18C0739-A142-454B-B92D-DFAEDBDA40C2}.Release|Any CPU.Build.0 = Release|Any CPU
		{F18C0739-A142-454B-B92D-DFAEDBDA40C2}.Release|x64.ActiveCfg = Release|Any CPU
		{F18C0739-A142-454B-B92D-DFAEDBDA40C2}.Release|x64.Build.0 = Release|Any CPU
		{F18C0739-A142-454B-B92D-DFAEDBDA40C2}.Release|x86.ActiveCfg = Release|Any CPU
		{F18C0739-A142-454B-B92D-DFAEDBDA40C2}.Release|x86.Build.0 = Release|Any CPU
		{22342960-0D81-4F1A-B4FF-7F9DA33A1C8A}.Debug|Any CPU.ActiveCfg = Debug|Any CPU
		{22342960-0D81-4F1A-B4FF-7F9DA33A1C8A}.Debug|Any CPU.Build.0 = Debug|Any CPU
		{22342960-0D81-4F1A-B4FF-7F9DA33A1C8A}.Debug|x64.ActiveCfg = Debug|Any CPU
		{22342960-0D81-4F1A-B4FF-7F9DA33A1C8A}.Debug|x64.Build.0 = Debug|Any CPU
		{22342960-0D81-4F1A-B4FF-7F9DA33A1C8A}.Debug|x86.ActiveCfg = Debug|Any CPU
		{22342960-0D81-4F1A-B4FF-7F9DA33A1C8A}.Debug|x86.Build.0 = Debug|Any CPU
		{22342960-0D81-4F1A-B4FF-7F9DA33A1C8A}.Release|Any CPU.ActiveCfg = Release|Any CPU
		{22342960-0D81-4F1A-B4FF-7F9DA33A1C8A}.Release|Any CPU.Build.0 = Release|Any CPU
		{22342960-0D81-4F1A-B4FF-7F9DA33A1C8A}.Release|x64.ActiveCfg = Release|Any CPU
		{22342960-0D81-4F1A-B4FF-7F9DA33A1C8A}.Release|x64.Build.0 = Release|Any CPU
		{22342960-0D81-4F1A-B4FF-7F9DA33A1C8A}.Release|x86.ActiveCfg = Release|Any CPU
		{22342960-0D81-4F1A-B4FF-7F9DA33A1C8A}.Release|x86.Build.0 = Release|Any CPU
		{169DC2B1-1259-43C8-8738-E793DDB9BD3A}.Debug|Any CPU.ActiveCfg = Debug|Any CPU
		{169DC2B1-1259-43C8-8738-E793DDB9BD3A}.Debug|Any CPU.Build.0 = Debug|Any CPU
		{169DC2B1-1259-43C8-8738-E793DDB9BD3A}.Debug|x64.ActiveCfg = Debug|Any CPU
		{169DC2B1-1259-43C8-8738-E793DDB9BD3A}.Debug|x64.Build.0 = Debug|Any CPU
		{169DC2B1-1259-43C8-8738-E793DDB9BD3A}.Debug|x86.ActiveCfg = Debug|Any CPU
		{169DC2B1-1259-43C8-8738-E793DDB9BD3A}.Debug|x86.Build.0 = Debug|Any CPU
		{169DC2B1-1259-43C8-8738-E793DDB9BD3A}.Release|Any CPU.ActiveCfg = Release|Any CPU
		{169DC2B1-1259-43C8-8738-E793DDB9BD3A}.Release|Any CPU.Build.0 = Release|Any CPU
		{169DC2B1-1259-43C8-8738-E793DDB9BD3A}.Release|x64.ActiveCfg = Release|Any CPU
		{169DC2B1-1259-43C8-8738-E793DDB9BD3A}.Release|x64.Build.0 = Release|Any CPU
		{169DC2B1-1259-43C8-8738-E793DDB9BD3A}.Release|x86.ActiveCfg = Release|Any CPU
		{169DC2B1-1259-43C8-8738-E793DDB9BD3A}.Release|x86.Build.0 = Release|Any CPU
		{AC4AEB9E-3B4D-4E3D-AB05-2B541D63D545}.Debug|Any CPU.ActiveCfg = Debug|Any CPU
		{AC4AEB9E-3B4D-4E3D-AB05-2B541D63D545}.Debug|Any CPU.Build.0 = Debug|Any CPU
		{AC4AEB9E-3B4D-4E3D-AB05-2B541D63D545}.Debug|x64.ActiveCfg = Debug|Any CPU
		{AC4AEB9E-3B4D-4E3D-AB05-2B541D63D545}.Debug|x64.Build.0 = Debug|Any CPU
		{AC4AEB9E-3B4D-4E3D-AB05-2B541D63D545}.Debug|x86.ActiveCfg = Debug|Any CPU
		{AC4AEB9E-3B4D-4E3D-AB05-2B541D63D545}.Debug|x86.Build.0 = Debug|Any CPU
		{AC4AEB9E-3B4D-4E3D-AB05-2B541D63D545}.Release|Any CPU.ActiveCfg = Release|Any CPU
		{AC4AEB9E-3B4D-4E3D-AB05-2B541D63D545}.Release|Any CPU.Build.0 = Release|Any CPU
		{AC4AEB9E-3B4D-4E3D-AB05-2B541D63D545}.Release|x64.ActiveCfg = Release|Any CPU
		{AC4AEB9E-3B4D-4E3D-AB05-2B541D63D545}.Release|x64.Build.0 = Release|Any CPU
		{AC4AEB9E-3B4D-4E3D-AB05-2B541D63D545}.Release|x86.ActiveCfg = Release|Any CPU
		{AC4AEB9E-3B4D-4E3D-AB05-2B541D63D545}.Release|x86.Build.0 = Release|Any CPU
		{00E05AA3-0698-437B-AA31-47712C07A769}.Debug|Any CPU.ActiveCfg = Debug|Any CPU
		{00E05AA3-0698-437B-AA31-47712C07A769}.Debug|Any CPU.Build.0 = Debug|Any CPU
		{00E05AA3-0698-437B-AA31-47712C07A769}.Debug|x64.ActiveCfg = Debug|Any CPU
		{00E05AA3-0698-437B-AA31-47712C07A769}.Debug|x64.Build.0 = Debug|Any CPU
		{00E05AA3-0698-437B-AA31-47712C07A769}.Debug|x86.ActiveCfg = Debug|Any CPU
		{00E05AA3-0698-437B-AA31-47712C07A769}.Debug|x86.Build.0 = Debug|Any CPU
		{00E05AA3-0698-437B-AA31-47712C07A769}.Release|Any CPU.ActiveCfg = Release|Any CPU
		{00E05AA3-0698-437B-AA31-47712C07A769}.Release|Any CPU.Build.0 = Release|Any CPU
		{00E05AA3-0698-437B-AA31-47712C07A769}.Release|x64.ActiveCfg = Release|Any CPU
		{00E05AA3-0698-437B-AA31-47712C07A769}.Release|x64.Build.0 = Release|Any CPU
		{00E05AA3-0698-437B-AA31-47712C07A769}.Release|x86.ActiveCfg = Release|Any CPU
		{00E05AA3-0698-437B-AA31-47712C07A769}.Release|x86.Build.0 = Release|Any CPU
		{CA634E44-AA26-4063-A230-95A20F854973}.Debug|Any CPU.ActiveCfg = Debug|Any CPU
		{CA634E44-AA26-4063-A230-95A20F854973}.Debug|Any CPU.Build.0 = Debug|Any CPU
		{CA634E44-AA26-4063-A230-95A20F854973}.Debug|x64.ActiveCfg = Debug|Any CPU
		{CA634E44-AA26-4063-A230-95A20F854973}.Debug|x64.Build.0 = Debug|Any CPU
		{CA634E44-AA26-4063-A230-95A20F854973}.Debug|x86.ActiveCfg = Debug|Any CPU
		{CA634E44-AA26-4063-A230-95A20F854973}.Debug|x86.Build.0 = Debug|Any CPU
		{CA634E44-AA26-4063-A230-95A20F854973}.Release|Any CPU.ActiveCfg = Release|Any CPU
		{CA634E44-AA26-4063-A230-95A20F854973}.Release|Any CPU.Build.0 = Release|Any CPU
		{CA634E44-AA26-4063-A230-95A20F854973}.Release|x64.ActiveCfg = Release|Any CPU
		{CA634E44-AA26-4063-A230-95A20F854973}.Release|x64.Build.0 = Release|Any CPU
		{CA634E44-AA26-4063-A230-95A20F854973}.Release|x86.ActiveCfg = Release|Any CPU
		{CA634E44-AA26-4063-A230-95A20F854973}.Release|x86.Build.0 = Release|Any CPU
	EndGlobalSection
	GlobalSection(SolutionProperties) = preSolution
		HideSolutionNode = FALSE
	EndGlobalSection
	GlobalSection(NestedProjects) = preSolution
		{93959E82-0DDE-4AB0-A3D1-1467108FB37E} = {827E0CD3-B72D-47B6-A68D-7590B98EB39B}
		{3612DEF7-3BB4-460E-B68E-B9BDB7CA1909} = {827E0CD3-B72D-47B6-A68D-7590B98EB39B}
		{906FD672-F9E1-4419-98EE-CEC467ED8428} = {827E0CD3-B72D-47B6-A68D-7590B98EB39B}
		{F13A228B-D412-4010-B988-2041D33C8918} = {827E0CD3-B72D-47B6-A68D-7590B98EB39B}
		{7BAF4509-D45A-4F0C-9F91-B1CC9CAA25BB} = {827E0CD3-B72D-47B6-A68D-7590B98EB39B}
		{F18C0739-A142-454B-B92D-DFAEDBDA40C2} = {827E0CD3-B72D-47B6-A68D-7590B98EB39B}
		{22342960-0D81-4F1A-B4FF-7F9DA33A1C8A} = {827E0CD3-B72D-47B6-A68D-7590B98EB39B}
		{169DC2B1-1259-43C8-8738-E793DDB9BD3A} = {827E0CD3-B72D-47B6-A68D-7590B98EB39B}
		{AC4AEB9E-3B4D-4E3D-AB05-2B541D63D545} = {827E0CD3-B72D-47B6-A68D-7590B98EB39B}
		{00E05AA3-0698-437B-AA31-47712C07A769} = {827E0CD3-B72D-47B6-A68D-7590B98EB39B}
		{CA634E44-AA26-4063-A230-95A20F854973} = {0AB3BF05-4346-4AA6-1389-037BE0695223}
	EndGlobalSection
EndGlobal
